
Microsoft Visual Studio Solution File, Format Version 12.00
# Visual Studio Version 17
VisualStudioVersion = 17.7.34024.191
MinimumVisualStudioVersion = 10.0.40219.1
Project("{FAE04EC0-301F-11D3-BF4B-00C04F79EFBC}") = "DynProg", "DynProg.csproj", "{45314453-CDB0-4D8F-8CB7-D7185E8C9597}"
EndProject
Global
	GlobalSection(SolutionConfigurationPlatforms) = preSolution
		Debug|Any CPU = Debug|Any CPU
		Release|Any CPU = Release|Any CPU
	EndGlobalSection
	GlobalSection(ProjectConfigurationPlatforms) = postSolution
		{45314453-CDB0-4D8F-8CB7-D7185E8C9597}.Debug|Any CPU.ActiveCfg = Debug|Any CPU
		{45314453-CDB0-4D8F-8CB7-D7185E8C9597}.Debug|Any CPU.Build.0 = Debug|Any CPU
		{45314453-CDB0-4D8F-8CB7-D7185E8C9597}.Release|Any CPU.ActiveCfg = Release|Any CPU
		{45314453-CDB0-4D8F-8CB7-D7185E8C9597}.Release|Any CPU.Build.0 = Release|Any CPU
	EndGlobalSection
	GlobalSection(SolutionProperties) = preSolution
		HideSolutionNode = FALSE
	EndGlobalSection
	GlobalSection(ExtensibilityGlobals) = postSolution
		SolutionGuid = {C8B67F41-42CD-47AF-B406-170CB787AB6B}
	EndGlobalSection
EndGlobal
